// !$*UTF8*$!
{
	archiveVersion = 1;
	classes = {
	};
	objectVersion = 46;
	objects = {

/* Begin PBXBuildFile section */
		2AC75C2D19082F7D001E1FC1 /* Foundation.framework in Frameworks */ = {isa = PBXBuildFile; fileRef = 2AC75C2C19082F7D001E1FC1 /* Foundation.framework */; };
		2AC75C2F19082F7D001E1FC1 /* CoreGraphics.framework in Frameworks */ = {isa = PBXBuildFile; fileRef = 2AC75C2E19082F7D001E1FC1 /* CoreGraphics.framework */; };
		2AC75C3119082F7D001E1FC1 /* UIKit.framework in Frameworks */ = {isa = PBXBuildFile; fileRef = 2AC75C3019082F7D001E1FC1 /* UIKit.framework */; };
		2AC75C3719082F7D001E1FC1 /* InfoPlist.strings in Resources */ = {isa = PBXBuildFile; fileRef = 2AC75C3519082F7D001E1FC1 /* InfoPlist.strings */; };
		2AC75C3919082F7D001E1FC1 /* main.m in Sources */ = {isa = PBXBuildFile; fileRef = 2AC75C3819082F7D001E1FC1 /* main.m */; };
		2AC75C3D19082F7D001E1FC1 /* AppDelegate.m in Sources */ = {isa = PBXBuildFile; fileRef = 2AC75C3C19082F7D001E1FC1 /* AppDelegate.m */; };
		2AC75C3F19082F7D001E1FC1 /* Images.xcassets in Resources */ = {isa = PBXBuildFile; fileRef = 2AC75C3E19082F7D001E1FC1 /* Images.xcassets */; };
		2AC75C4619082F7D001E1FC1 /* XCTest.framework in Frameworks */ = {isa = PBXBuildFile; fileRef = 2AC75C4519082F7D001E1FC1 /* XCTest.framework */; };
		2AC75C4719082F7D001E1FC1 /* Foundation.framework in Frameworks */ = {isa = PBXBuildFile; fileRef = 2AC75C2C19082F7D001E1FC1 /* Foundation.framework */; };
		2AC75C4819082F7D001E1FC1 /* UIKit.framework in Frameworks */ = {isa = PBXBuildFile; fileRef = 2AC75C3019082F7D001E1FC1 /* UIKit.framework */; };
		2AC75C5019082F7D001E1FC1 /* InfoPlist.strings in Resources */ = {isa = PBXBuildFile; fileRef = 2AC75C4E19082F7D001E1FC1 /* InfoPlist.strings */; };
		2AC75C5219082F7D001E1FC1 /* MiniChallange2Tests.m in Sources */ = {isa = PBXBuildFile; fileRef = 2AC75C5119082F7D001E1FC1 /* MiniChallange2Tests.m */; };
/* End PBXBuildFile section */

/* Begin PBXContainerItemProxy section */
		2AC75C4919082F7D001E1FC1 /* PBXContainerItemProxy */ = {
			isa = PBXContainerItemProxy;
			containerPortal = 2AC75C2119082F7D001E1FC1 /* Project object */;
			proxyType = 1;
			remoteGlobalIDString = 2AC75C2819082F7D001E1FC1;
			remoteInfo = MiniChallange2;
		};
/* End PBXContainerItemProxy section */

/* Begin PBXFileReference section */
		2AC75C2919082F7D001E1FC1 /* MiniChallange2.app */ = {isa = PBXFileReference; explicitFileType = wrapper.application; includeInIndex = 0; path = MiniChallange2.app; sourceTree = BUILT_PRODUCTS_DIR; };
		2AC75C2C19082F7D001E1FC1 /* Foundation.framework */ = {isa = PBXFileReference; lastKnownFileType = wrapper.framework; name = Foundation.framework; path = System/Library/Frameworks/Foundation.framework; sourceTree = SDKROOT; };
		2AC75C2E19082F7D001E1FC1 /* CoreGraphics.framework */ = {isa = PBXFileReference; lastKnownFileType = wrapper.framework; name = CoreGraphics.framework; path = System/Library/Frameworks/CoreGraphics.framework; sourceTree = SDKROOT; };
		2AC75C3019082F7D001E1FC1 /* UIKit.framework */ = {isa = PBXFileReference; lastKnownFileType = wrapper.framework; name = UIKit.framework; path = System/Library/Frameworks/UIKit.framework; sourceTree = SDKROOT; };
		2AC75C3419082F7D001E1FC1 /* MiniChallange2-Info.plist */ = {isa = PBXFileReference; lastKnownFileType = text.plist.xml; path = "MiniChallange2-Info.plist"; sourceTree = "<group>"; };
		2AC75C3619082F7D001E1FC1 /* en */ = {isa = PBXFileReference; lastKnownFileType = text.plist.strings; name = en; path = en.lproj/InfoPlist.strings; sourceTree = "<group>"; };
		2AC75C3819082F7D001E1FC1 /* main.m */ = {isa = PBXFileReference; lastKnownFileType = sourcecode.c.objc; path = main.m; sourceTree = "<group>"; };
		2AC75C3A19082F7D001E1FC1 /* MiniChallange2-Prefix.pch */ = {isa = PBXFileReference; lastKnownFileType = sourcecode.c.h; path = "MiniChallange2-Prefix.pch"; sourceTree = "<group>"; };
		2AC75C3B19082F7D001E1FC1 /* AppDelegate.h */ = {isa = PBXFileReference; lastKnownFileType = sourcecode.c.h; path = AppDelegate.h; sourceTree = "<group>"; };
		2AC75C3C19082F7D001E1FC1 /* AppDelegate.m */ = {isa = PBXFileReference; lastKnownFileType = sourcecode.c.objc; path = AppDelegate.m; sourceTree = "<group>"; };
		2AC75C3E19082F7D001E1FC1 /* Images.xcassets */ = {isa = PBXFileReference; lastKnownFileType = folder.assetcatalog; path = Images.xcassets; sourceTree = "<group>"; };
		2AC75C4419082F7D001E1FC1 /* MiniChallange2Tests.xctest */ = {isa = PBXFileReference; explicitFileType = wrapper.cfbundle; includeInIndex = 0; path = MiniChallange2Tests.xctest; sourceTree = BUILT_PRODUCTS_DIR; };
		2AC75C4519082F7D001E1FC1 /* XCTest.framework */ = {isa = PBXFileReference; lastKnownFileType = wrapper.framework; name = XCTest.framework; path = Library/Frameworks/XCTest.framework; sourceTree = DEVELOPER_DIR; };
		2AC75C4D19082F7D001E1FC1 /* MiniChallange2Tests-Info.plist */ = {isa = PBXFileReference; lastKnownFileType = text.plist.xml; path = "MiniChallange2Tests-Info.plist"; sourceTree = "<group>"; };
		2AC75C4F19082F7D001E1FC1 /* en */ = {isa = PBXFileReference; lastKnownFileType = text.plist.strings; name = en; path = en.lproj/InfoPlist.strings; sourceTree = "<group>"; };
		2AC75C5119082F7D001E1FC1 /* MiniChallange2Tests.m */ = {isa = PBXFileReference; lastKnownFileType = sourcecode.c.objc; path = MiniChallange2Tests.m; sourceTree = "<group>"; };
/* End PBXFileReference section */

/* Begin PBXFrameworksBuildPhase section */
		2AC75C2619082F7D001E1FC1 /* Frameworks */ = {
			isa = PBXFrameworksBuildPhase;
			buildActionMask = 2147483647;
			files = (
				2AC75C2F19082F7D001E1FC1 /* CoreGraphics.framework in Frameworks */,
				2AC75C3119082F7D001E1FC1 /* UIKit.framework in Frameworks */,
				2AC75C2D19082F7D001E1FC1 /* Foundation.framework in Frameworks */,
			);
			runOnlyForDeploymentPostprocessing = 0;
		};
		2AC75C4119082F7D001E1FC1 /* Frameworks */ = {
			isa = PBXFrameworksBuildPhase;
			buildActionMask = 2147483647;
			files = (
				2AC75C4619082F7D001E1FC1 /* XCTest.framework in Frameworks */,
				2AC75C4819082F7D001E1FC1 /* UIKit.framework in Frameworks */,
				2AC75C4719082F7D001E1FC1 /* Foundation.framework in Frameworks */,
			);
			runOnlyForDeploymentPostprocessing = 0;
		};
/* End PBXFrameworksBuildPhase section */

/* Begin PBXGroup section */
		2AC75C2019082F7D001E1FC1 = {
			isa = PBXGroup;
			children = (
				2AC75C3219082F7D001E1FC1 /* MiniChallange2 */,
				2AC75C4B19082F7D001E1FC1 /* MiniChallange2Tests */,
				2AC75C2B19082F7D001E1FC1 /* Frameworks */,
				2AC75C2A19082F7D001E1FC1 /* Products */,
			);
			sourceTree = "<group>";
		};
		2AC75C2A19082F7D001E1FC1 /* Products */ = {
			isa = PBXGroup;
			children = (
				2AC75C2919082F7D001E1FC1 /* MiniChallange2.app */,
				2AC75C4419082F7D001E1FC1 /* MiniChallange2Tests.xctest */,
			);
			name = Products;
			sourceTree = "<group>";
		};
		2AC75C2B19082F7D001E1FC1 /* Frameworks */ = {
			isa = PBXGroup;
			children = (
				2AC75C2C19082F7D001E1FC1 /* Foundation.framework */,
				2AC75C2E19082F7D001E1FC1 /* CoreGraphics.framework */,
				2AC75C3019082F7D001E1FC1 /* UIKit.framework */,
				2AC75C4519082F7D001E1FC1 /* XCTest.framework */,
			);
			name = Frameworks;
			sourceTree = "<group>";
		};
		2AC75C3219082F7D001E1FC1 /* MiniChallange2 */ = {
			isa = PBXGroup;
			children = (
				2AC75C3B19082F7D001E1FC1 /* AppDelegate.h */,
				2AC75C3C19082F7D001E1FC1 /* AppDelegate.m */,
				2AC75C3E19082F7D001E1FC1 /* Images.xcassets */,
				2AC75C3319082F7D001E1FC1 /* Supporting Files */,
			);
			path = MiniChallange2;
			sourceTree = "<group>";
		};
		2AC75C3319082F7D001E1FC1 /* Supporting Files */ = {
			isa = PBXGroup;
			children = (
				2AC75C3419082F7D001E1FC1 /* MiniChallange2-Info.plist */,
				2AC75C3519082F7D001E1FC1 /* InfoPlist.strings */,
				2AC75C3819082F7D001E1FC1 /* main.m */,
				2AC75C3A19082F7D001E1FC1 /* MiniChallange2-Prefix.pch */,
			);
			name = "Supporting Files";
			sourceTree = "<group>";
		};
		2AC75C4B19082F7D001E1FC1 /* MiniChallange2Tests */ = {
			isa = PBXGroup;
			children = (
				2AC75C5119082F7D001E1FC1 /* MiniChallange2Tests.m */,
				2AC75C4C19082F7D001E1FC1 /* Supporting Files */,
			);
			path = MiniChallange2Tests;
			sourceTree = "<group>";
		};
		2AC75C4C19082F7D001E1FC1 /* Supporting Files */ = {
			isa = PBXGroup;
			children = (
				2AC75C4D19082F7D001E1FC1 /* MiniChallange2Tests-Info.plist */,
				2AC75C4E19082F7D001E1FC1 /* InfoPlist.strings */,
			);
			name = "Supporting Files";
			sourceTree = "<group>";
		};
/* End PBXGroup section */

/* Begin PBXNativeTarget section */
		2AC75C2819082F7D001E1FC1 /* MiniChallange2 */ = {
			isa = PBXNativeTarget;
			buildConfigurationList = 2AC75C5519082F7D001E1FC1 /* Build configuration list for PBXNativeTarget "MiniChallange2" */;
			buildPhases = (
				2AC75C2519082F7D001E1FC1 /* Sources */,
				2AC75C2619082F7D001E1FC1 /* Frameworks */,
				2AC75C2719082F7D001E1FC1 /* Resources */,
			);
			buildRules = (
			);
			dependencies = (
			);
			name = MiniChallange2;
			productName = MiniChallange2;
			productReference = 2AC75C2919082F7D001E1FC1 /* MiniChallange2.app */;
			productType = "com.apple.product-type.application";
		};
		2AC75C4319082F7D001E1FC1 /* MiniChallange2Tests */ = {
			isa = PBXNativeTarget;
			buildConfigurationList = 2AC75C5819082F7D001E1FC1 /* Build configuration list for PBXNativeTarget "MiniChallange2Tests" */;
			buildPhases = (
				2AC75C4019082F7D001E1FC1 /* Sources */,
				2AC75C4119082F7D001E1FC1 /* Frameworks */,
				2AC75C4219082F7D001E1FC1 /* Resources */,
			);
			buildRules = (
			);
			dependencies = (
				2AC75C4A19082F7D001E1FC1 /* PBXTargetDependency */,
			);
			name = MiniChallange2Tests;
			productName = MiniChallange2Tests;
			productReference = 2AC75C4419082F7D001E1FC1 /* MiniChallange2Tests.xctest */;
			productType = "com.apple.product-type.bundle.unit-test";
		};
/* End PBXNativeTarget section */

/* Begin PBXProject section */
		2AC75C2119082F7D001E1FC1 /* Project object */ = {
			isa = PBXProject;
			attributes = {
				LastUpgradeCheck = 0510;
				ORGANIZATIONNAME = BEPiD;
				TargetAttributes = {
					2AC75C4319082F7D001E1FC1 = {
						TestTargetID = 2AC75C2819082F7D001E1FC1;
					};
				};
			};
			buildConfigurationList = 2AC75C2419082F7D001E1FC1 /* Build configuration list for PBXProject "MiniChallange2" */;
			compatibilityVersion = "Xcode 3.2";
			developmentRegion = English;
			hasScannedForEncodings = 0;
			knownRegions = (
				en,
			);
			mainGroup = 2AC75C2019082F7D001E1FC1;
			productRefGroup = 2AC75C2A19082F7D001E1FC1 /* Products */;
			projectDirPath = "";
			projectRoot = "";
			targets = (
				2AC75C2819082F7D001E1FC1 /* MiniChallange2 */,
				2AC75C4319082F7D001E1FC1 /* MiniChallange2Tests */,
			);
		};
/* End PBXProject section */

/* Begin PBXResourcesBuildPhase section */
		2AC75C2719082F7D001E1FC1 /* Resources */ = {
			isa = PBXResourcesBuildPhase;
			buildActionMask = 2147483647;
			files = (
				2AC75C3719082F7D001E1FC1 /* InfoPlist.strings in Resources */,
				2AC75C3F19082F7D001E1FC1 /* Images.xcassets in Resources */,
			);
			runOnlyForDeploymentPostprocessing = 0;
		};
		2AC75C4219082F7D001E1FC1 /* Resources */ = {
			isa = PBXResourcesBuildPhase;
			buildActionMask = 2147483647;
			files = (
				2AC75C5019082F7D001E1FC1 /* InfoPlist.strings in Resources */,
			);
			runOnlyForDeploymentPostprocessing = 0;
		};
/* End PBXResourcesBuildPhase section */

/* Begin PBXSourcesBuildPhase section */
		2AC75C2519082F7D001E1FC1 /* Sources */ = {
			isa = PBXSourcesBuildPhase;
			buildActionMask = 2147483647;
			files = (
				2AC75C3D19082F7D001E1FC1 /* AppDelegate.m in Sources */,
				2AC75C3919082F7D001E1FC1 /* main.m in Sources */,
			);
			runOnlyForDeploymentPostprocessing = 0;
		};
		2AC75C4019082F7D001E1FC1 /* Sources */ = {
			isa = PBXSourcesBuildPhase;
			buildActionMask = 2147483647;
			files = (
				2AC75C5219082F7D001E1FC1 /* MiniChallange2Tests.m in Sources */,
			);
			runOnlyForDeploymentPostprocessing = 0;
		};
/* End PBXSourcesBuildPhase section */

/* Begin PBXTargetDependency section */
		2AC75C4A19082F7D001E1FC1 /* PBXTargetDependency */ = {
			isa = PBXTargetDependency;
			target = 2AC75C2819082F7D001E1FC1 /* MiniChallange2 */;
			targetProxy = 2AC75C4919082F7D001E1FC1 /* PBXContainerItemProxy */;
		};
/* End PBXTargetDependency section */

/* Begin PBXVariantGroup section */
		2AC75C3519082F7D001E1FC1 /* InfoPlist.strings */ = {
			isa = PBXVariantGroup;
			children = (
				2AC75C3619082F7D001E1FC1 /* en */,
			);
			name = InfoPlist.strings;
			sourceTree = "<group>";
		};
		2AC75C4E19082F7D001E1FC1 /* InfoPlist.strings */ = {
			isa = PBXVariantGroup;
			children = (
				2AC75C4F19082F7D001E1FC1 /* en */,
			);
			name = InfoPlist.strings;
			sourceTree = "<group>";
		};
/* End PBXVariantGroup section */

/* Begin XCBuildConfiguration section */
		2AC75C5319082F7D001E1FC1 /* Debug */ = {
			isa = XCBuildConfiguration;
			buildSettings = {
				ALWAYS_SEARCH_USER_PATHS = NO;
				CLANG_CXX_LANGUAGE_STANDARD = "gnu++0x";
				CLANG_CXX_LIBRARY = "libc++";
				CLANG_ENABLE_MODULES = YES;
				CLANG_ENABLE_OBJC_ARC = YES;
				CLANG_WARN_BOOL_CONVERSION = YES;
				CLANG_WARN_CONSTANT_CONVERSION = YES;
				CLANG_WARN_DIRECT_OBJC_ISA_USAGE = YES_ERROR;
				CLANG_WARN_EMPTY_BODY = YES;
				CLANG_WARN_ENUM_CONVERSION = YES;
				CLANG_WARN_INT_CONVERSION = YES;
				CLANG_WARN_OBJC_ROOT_CLASS = YES_ERROR;
				CLANG_WARN__DUPLICATE_METHOD_MATCH = YES;
				"CODE_SIGN_IDENTITY[sdk=iphoneos*]" = "iPhone Developer";
				COPY_PHASE_STRIP = NO;
				GCC_C_LANGUAGE_STANDARD = gnu99;
				GCC_DYNAMIC_NO_PIC = NO;
				GCC_OPTIMIZATION_LEVEL = 0;
				GCC_PREPROCESSOR_DEFINITIONS = (
					"DEBUG=1",
					"$(inherited)",
				);
				GCC_SYMBOLS_PRIVATE_EXTERN = NO;
				GCC_WARN_64_TO_32_BIT_CONVERSION = YES;
				GCC_WARN_ABOUT_RETURN_TYPE = YES_ERROR;
				GCC_WARN_UNDECLARED_SELECTOR = YES;
				GCC_WARN_UNINITIALIZED_AUTOS = YES_AGGRESSIVE;
				GCC_WARN_UNUSED_FUNCTION = YES;
				GCC_WARN_UNUSED_VARIABLE = YES;
				IPHONEOS_DEPLOYMENT_TARGET = 7.1;
				ONLY_ACTIVE_ARCH = YES;
				SDKROOT = iphoneos;
				TARGETED_DEVICE_FAMILY = "1,2";
			};
			name = Debug;
		};
		2AC75C5419082F7D001E1FC1 /* Release */ = {
			isa = XCBuildConfiguration;
			buildSettings = {
				ALWAYS_SEARCH_USER_PATHS = NO;
				CLANG_CXX_LANGUAGE_STANDARD = "gnu++0x";
				CLANG_CXX_LIBRARY = "libc++";
				CLANG_ENABLE_MODULES = YES;
				CLANG_ENABLE_OBJC_ARC = YES;
				CLANG_WARN_BOOL_CONVERSION = YES;
				CLANG_WARN_CONSTANT_CONVERSION = YES;
				CLANG_WARN_DIRECT_OBJC_ISA_USAGE = YES_ERROR;
				CLANG_WARN_EMPTY_BODY = YES;
				CLANG_WARN_ENUM_CONVERSION = YES;
				CLANG_WARN_INT_CONVERSION = YES;
				CLANG_WARN_OBJC_ROOT_CLASS = YES_ERROR;
				CLANG_WARN__DUPLICATE_METHOD_MATCH = YES;
				"CODE_SIGN_IDENTITY[sdk=iphoneos*]" = "iPhone Developer";
				COPY_PHASE_STRIP = YES;
				ENABLE_NS_ASSERTIONS = NO;
				GCC_C_LANGUAGE_STANDARD = gnu99;
				GCC_WARN_64_TO_32_BIT_CONVERSION = YES;
				GCC_WARN_ABOUT_RETURN_TYPE = YES_ERROR;
				GCC_WARN_UNDECLARED_SELECTOR = YES;
				GCC_WARN_UNINITIALIZED_AUTOS = YES_AGGRESSIVE;
				GCC_WARN_UNUSED_FUNCTION = YES;
				GCC_WARN_UNUSED_VARIABLE = YES;
				IPHONEOS_DEPLOYMENT_TARGET = 7.1;
				SDKROOT = iphoneos;
				TARGETED_DEVICE_FAMILY = "1,2";
				VALIDATE_PRODUCT = YES;
			};
			name = Release;
		};
		2AC75C5619082F7D001E1FC1 /* Debug */ = {
			isa = XCBuildConfiguration;
			buildSettings = {
				ASSETCATALOG_COMPILER_APPICON_NAME = AppIcon;
				ASSETCATALOG_COMPILER_LAUNCHIMAGE_NAME = LaunchImage;
				GCC_PRECOMPILE_PREFIX_HEADER = YES;
				GCC_PREFIX_HEADER = "MiniChallange2/MiniChallange2-Prefix.pch";
				INFOPLIST_FILE = "MiniChallange2/MiniChallange2-Info.plist";
				PRODUCT_NAME = "$(TARGET_NAME)";
				WRAPPER_EXTENSION = app;
			};
			name = Debug;
		};
		2AC75C5719082F7D001E1FC1 /* Release */ = {
			isa = XCBuildConfiguration;
			buildSettings = {
				ASSETCATALOG_COMPILER_APPICON_NAME = AppIcon;
				ASSETCATALOG_COMPILER_LAUNCHIMAGE_NAME = LaunchImage;
				GCC_PRECOMPILE_PREFIX_HEADER = YES;
				GCC_PREFIX_HEADER = "MiniChallange2/MiniChallange2-Prefix.pch";
				INFOPLIST_FILE = "MiniChallange2/MiniChallange2-Info.plist";
				PRODUCT_NAME = "$(TARGET_NAME)";
				WRAPPER_EXTENSION = app;
			};
			name = Release;
		};
		2AC75C5919082F7D001E1FC1 /* Debug */ = {
			isa = XCBuildConfiguration;
			buildSettings = {
				BUNDLE_LOADER = "$(BUILT_PRODUCTS_DIR)/MiniChallange2.app/MiniChallange2";
				FRAMEWORK_SEARCH_PATHS = (
					"$(SDKROOT)/Developer/Library/Frameworks",
					"$(inherited)",
					"$(DEVELOPER_FRAMEWORKS_DIR)",
				);
				GCC_PRECOMPILE_PREFIX_HEADER = YES;
				GCC_PREFIX_HEADER = "MiniChallange2/MiniChallange2-Prefix.pch";
				GCC_PREPROCESSOR_DEFINITIONS = (
					"DEBUG=1",
					"$(inherited)",
				);
				INFOPLIST_FILE = "MiniChallange2Tests/MiniChallange2Tests-Info.plist";
				PRODUCT_NAME = "$(TARGET_NAME)";
				TEST_HOST = "$(BUNDLE_LOADER)";
				WRAPPER_EXTENSION = xctest;
			};
			name = Debug;
		};
		2AC75C5A19082F7D001E1FC1 /* Release */ = {
			isa = XCBuildConfiguration;
			buildSettings = {
				BUNDLE_LOADER = "$(BUILT_PRODUCTS_DIR)/MiniChallange2.app/MiniChallange2";
				FRAMEWORK_SEARCH_PATHS = (
					"$(SDKROOT)/Developer/Library/Frameworks",
					"$(inherited)",
					"$(DEVELOPER_FRAMEWORKS_DIR)",
				);
				GCC_PRECOMPILE_PREFIX_HEADER = YES;
				GCC_PREFIX_HEADER = "MiniChallange2/MiniChallange2-Prefix.pch";
				INFOPLIST_FILE = "MiniChallange2Tests/MiniChallange2Tests-Info.plist";
				PRODUCT_NAME = "$(TARGET_NAME)";
				TEST_HOST = "$(BUNDLE_LOADER)";
				WRAPPER_EXTENSION = xctest;
			};
			name = Release;
		};
/* End XCBuildConfiguration section */

/* Begin XCConfigurationList section */
		2AC75C2419082F7D001E1FC1 /* Build configuration list for PBXProject "MiniChallange2" */ = {
			isa = XCConfigurationList;
			buildConfigurations = (
				2AC75C5319082F7D001E1FC1 /* Debug */,
				2AC75C5419082F7D001E1FC1 /* Release */,
			);
			defaultConfigurationIsVisible = 0;
			defaultConfigurationName = Release;
		};
		2AC75C5519082F7D001E1FC1 /* Build configuration list for PBXNativeTarget "MiniChallange2" */ = {
			isa = XCConfigurationList;
			buildConfigurations = (
				2AC75C5619082F7D001E1FC1 /* Debug */,
				2AC75C5719082F7D001E1FC1 /* Release */,
			);
			defaultConfigurationIsVisible = 0;
		};
		2AC75C5819082F7D001E1FC1 /* Build configuration list for PBXNativeTarget "MiniChallange2Tests" */ = {
			isa = XCConfigurationList;
			buildConfigurations = (
				2AC75C5919082F7D001E1FC1 /* Debug */,
				2AC75C5A19082F7D001E1FC1 /* Release */,
			);
			defaultConfigurationIsVisible = 0;
		};
/* End XCConfigurationList section */
	};
	rootObject = 2AC75C2119082F7D001E1FC1 /* Project object */;
}
